Microsoft Visual Studio Solution File, Format Version 12.00
# Visual Studio Version 16
VisualStudioVersion = 16.0.30225.117
MinimumVisualStudioVersion = 10.0.40219.1
Project("{FAE04EC0-301F-11D3-BF4B-00C04F79EFBC}") = "Org.OpenAPITools", "src\Org.OpenAPITools\Org.OpenAPITools.csproj", "{0B21CDEF-66B6-42CD-AE10-89BC72BA5CDB}"
EndProject
Project("{FAE04EC0-301F-11D3-BF4B-00C04F79EFBC}") = "Org.OpenAPITools.Test", "src\Org.OpenAPITools.Test\Org.OpenAPITools.Test.csproj", "{19F1DEBC-DE5E-4517-8062-F000CD499087}"
EndProject
Project("{FAE04EC0-301F-11D3-BF4B-00C04F79EFBC}") = "BotUI", "BotUI\BotUI.csproj", "{A6040041-DDB2-4D63-846D-3151B057CD8B}"
EndProject
Global
	GlobalSection(SolutionConfigurationPlatforms) = preSolution
		Debug|Any CPU = Debug|Any CPU
		Release|Any CPU = Release|Any CPU
	EndGlobalSection
	GlobalSection(ProjectConfigurationPlatforms) = postSolution
		{0B21CDEF-66B6-42CD-AE10-89BC72BA5CDB}.Debug|Any CPU.ActiveCfg = Debug|Any CPU
		{0B21CDEF-66B6-42CD-AE10-89BC72BA5CDB}.Debug|Any CPU.Build.0 = Debug|Any CPU
		{0B21CDEF-66B6-42CD-AE10-89BC72BA5CDB}.Release|Any CPU.ActiveCfg = Release|Any CPU
		{0B21CDEF-66B6-42CD-AE10-89BC72BA5CDB}.Release|Any CPU.Build.0 = Release|Any CPU
		{19F1DEBC-DE5E-4517-8062-F000CD499087}.Debug|Any CPU.ActiveCfg = Debug|Any CPU
		{19F1DEBC-DE5E-4517-8062-F000CD499087}.Debug|Any CPU.Build.0 = Debug|Any CPU
		{19F1DEBC-DE5E-4517-8062-F000CD499087}.Release|Any CPU.ActiveCfg = Release|Any CPU
		{19F1DEBC-DE5E-4517-8062-F000CD499087}.Release|Any CPU.Build.0 = Release|Any CPU
		{A6040041-DDB2-4D63-846D-3151B057CD8B}.Debug|Any CPU.ActiveCfg = Debug|Any CPU
		{A6040041-DDB2-4D63-846D-3151B057CD8B}.Debug|Any CPU.Build.0 = Debug|Any CPU
		{A6040041-DDB2-4D63-846D-3151B057CD8B}.Release|Any CPU.ActiveCfg = Release|Any CPU
		{A6040041-DDB2-4D63-846D-3151B057CD8B}.Release|Any CPU.Build.0 = Release|Any CPU
	EndGlobalSection
	GlobalSection(SolutionProperties) = preSolution
		HideSolutionNode = FALSE
	EndGlobalSection
	GlobalSection(ExtensibilityGlobals) = postSolution
		SolutionGuid = {9390EC47-2879-41E2-ABD7-B7269DEADC53}
	EndGlobalSection
EndGlobal
